// !$*UTF8*$!
{
	archiveVersion = 1;
	classes = {
	};
	objectVersion = 46;
	objects = {

/* Begin PBXBuildFile section */
		68CD9B451D822DDC00282336 /* AppDelegate.swift in Sources */ = {isa = PBXBuildFile; fileRef = 68CD9B441D822DDC00282336 /* AppDelegate.swift */; };
		68CD9B471D822DDC00282336 /* ViewController.swift in Sources */ = {isa = PBXBuildFile; fileRef = 68CD9B461D822DDC00282336 /* ViewController.swift */; };
		68CD9B4A1D822DDC00282336 /* Main.storyboard in Resources */ = {isa = PBXBuildFile; fileRef = 68CD9B481D822DDC00282336 /* Main.storyboard */; };
		68CD9B4C1D822DDC00282336 /* Assets.xcassets in Resources */ = {isa = PBXBuildFile; fileRef = 68CD9B4B1D822DDC00282336 /* Assets.xcassets */; };
		68CD9B4F1D822DDC00282336 /* LaunchScreen.storyboard in Resources */ = {isa = PBXBuildFile; fileRef = 68CD9B4D1D822DDC00282336 /* LaunchScreen.storyboard */; };
/* End PBXBuildFile section */

/* Begin PBXFileReference section */
		68CD9B411D822DDC00282336 /* ElanMiller-Lab1.app */ = {isa = PBXFileReference; explicitFileType = wrapper.application; includeInIndex = 0; path = "ElanMiller-Lab1.app"; sourceTree = BUILT_PRODUCTS_DIR; };
		68CD9B441D822DDC00282336 /* AppDelegate.swift */ = {isa = PBXFileReference; lastKnownFileType = sourcecode.swift; path = AppDelegate.swift; sourceTree = "<group>"; };
		68CD9B461D822DDC00282336 /* ViewController.swift */ = {isa = PBXFileReference; lastKnownFileType = sourcecode.swift; path = ViewController.swift; sourceTree = "<group>"; };
		68CD9B491D822DDC00282336 /* Base */ = {isa = PBXFileReference; lastKnownFileType = file.storyboard; name = Base; path = Base.lproj/Main.storyboard; sourceTree = "<group>"; };
		68CD9B4B1D822DDC00282336 /* Assets.xcassets */ = {isa = PBXFileReference; lastKnownFileType = folder.assetcatalog; path = Assets.xcassets; sourceTree = "<group>"; };
		68CD9B4E1D822DDC00282336 /* Base */ = {isa = PBXFileReference; lastKnownFileType = file.storyboard; name = Base; path = Base.lproj/LaunchScreen.storyboard; sourceTree = "<group>"; };
		68CD9B501D822DDC00282336 /* Info.plist */ = {isa = PBXFileReference; lastKnownFileType = text.plist.xml; path = Info.plist; sourceTree = "<group>"; };
/* End PBXFileReference section */

/* Begin PBXFrameworksBuildPhase section */
		68CD9B3E1D822DDC00282336 /* Frameworks */ = {
			isa = PBXFrameworksBuildPhase;
			buildActionMask = 2147483647;
			files = (
			);
			runOnlyForDeploymentPostprocessing = 0;
		};
/* End PBXFrameworksBuildPhase section */

/* Begin PBXGroup section */
		68CD9B381D822DDC00282336 = {
			isa = PBXGroup;
			children = (
				68CD9B431D822DDC00282336 /* ElanMiller-Lab1 */,
				68CD9B421D822DDC00282336 /* Products */,
			);
			sourceTree = "<group>";
		};
		68CD9B421D822DDC00282336 /* Products */ = {
			isa = PBXGroup;
			children = (
				68CD9B411D822DDC00282336 /* ElanMiller-Lab1.app */,
			);
			name = Products;
			sourceTree = "<group>";
		};
		68CD9B431D822DDC00282336 /* ElanMiller-Lab1 */ = {
			isa = PBXGroup;
			children = (
				68CD9B441D822DDC00282336 /* AppDelegate.swift */,
				68CD9B461D822DDC00282336 /* ViewController.swift */,
				68CD9B481D822DDC00282336 /* Main.storyboard */,
				68CD9B4B1D822DDC00282336 /* Assets.xcassets */,
				68CD9B4D1D822DDC00282336 /* LaunchScreen.storyboard */,
				68CD9B501D822DDC00282336 /* Info.plist */,
			);
			path = "ElanMiller-Lab1";
			sourceTree = "<group>";
		};
/* End PBXGroup section */

/* Begin PBXNativeTarget section */
		68CD9B401D822DDC00282336 /* ElanMiller-Lab1 */ = {
			isa = PBXNativeTarget;
			buildConfigurationList = 68CD9B531D822DDC00282336 /* Build configuration list for PBXNativeTarget "ElanMiller-Lab1" */;
			buildPhases = (
				68CD9B3D1D822DDC00282336 /* Sources */,
				68CD9B3E1D822DDC00282336 /* Frameworks */,
				68CD9B3F1D822DDC00282336 /* Resources */,
			);
			buildRules = (
			);
			dependencies = (
			);
			name = "ElanMiller-Lab1";
			productName = "ElanMiller-Lab1";
			productReference = 68CD9B411D822DDC00282336 /* ElanMiller-Lab1.app */;
			productType = "com.apple.product-type.application";
		};
/* End PBXNativeTarget section */

/* Begin PBXProject section */
		68CD9B391D822DDC00282336 /* Project object */ = {
			isa = PBXProject;
			attributes = {
				LastSwiftUpdateCheck = 0730;
				LastUpgradeCheck = 0730;
				ORGANIZATIONNAME = wustl;
				TargetAttributes = {
					68CD9B401D822DDC00282336 = {
						CreatedOnToolsVersion = 7.3.1;
					};
				};
			};
			buildConfigurationList = 68CD9B3C1D822DDC00282336 /* Build configuration list for PBXProject "ElanMiller-Lab1" */;
			compatibilityVersion = "Xcode 3.2";
			developmentRegion = English;
			hasScannedForEncodings = 0;
			knownRegions = (
				en,
				Base,
			);
			mainGroup = 68CD9B381D822DDC00282336;
			productRefGroup = 68CD9B421D822DDC00282336 /* Products */;
			projectDirPath = "";
			projectRoot = "";
			targets = (
				68CD9B401D822DDC00282336 /* ElanMiller-Lab1 */,
			);
		};
/* End PBXProject section */

/* Begin PBXResourcesBuildPhase section */
		68CD9B3F1D822DDC00282336 /* Resources */ = {
			isa = PBXResourcesBuildPhase;
			buildActionMask = 2147483647;
			files = (
				68CD9B4F1D822DDC00282336 /* LaunchScreen.storyboard in Resources */,
				68CD9B4C1D822DDC00282336 /* Assets.xcassets in Resources */,
				68CD9B4A1D822DDC00282336 /* Main.storyboard in Resources */,
			);
			runOnlyForDeploymentPostprocessing = 0;
		};
/* End PBXResourcesBuildPhase section */

/* Begin PBXSourcesBuildPhase section */
		68CD9B3D1D822DDC00282336 /* Sources */ = {
			isa = PBXSourcesBuildPhase;
			buildActionMask = 2147483647;
			files = (
				68CD9B471D822DDC00282336 /* ViewController.swift in Sources */,
				68CD9B451D822DDC00282336 /* AppDelegate.swift in Sources */,
			);
			runOnlyForDeploymentPostprocessing = 0;
		};
/* End PBXSourcesBuildPhase section */

/* Begin PBXVariantGroup section */
		68CD9B481D822DDC00282336 /* Main.storyboard */ = {
			isa = PBXVariantGroup;
			children = (
				68CD9B491D822DDC00282336 /* Base */,
			);
			name = Main.storyboard;
			sourceTree = "<group>";
		};
		68CD9B4D1D822DDC00282336 /* LaunchScreen.storyboard */ = {
			isa = PBXVariantGroup;
			children = (
				68CD9B4E1D822DDC00282336 /* Base */,
			);
			name = LaunchScreen.storyboard;
			sourceTree = "<group>";
		};
/* End PBXVariantGroup section */

/* Begin XCBuildConfiguration section */
		68CD9B511D822DDC00282336 /* Debug */ = {
			isa = XCBuildConfiguration;
			buildSettings = {
				ALWAYS_SEARCH_USER_PATHS = NO;
				CLANG_ANALYZER_NONNULL = YES;
				CLANG_CXX_LANGUAGE_STANDARD = "gnu++0x";
				CLANG_CXX_LIBRARY = "libc++";
				CLANG_ENABLE_MODULES = YES;
				CLANG_ENABLE_OBJC_ARC = YES;
				CLANG_WARN_BOOL_CONVERSION = YES;
				CLANG_WARN_CONSTANT_CONVERSION = YES;
				CLANG_WARN_DIRECT_OBJC_ISA_USAGE = YES_ERROR;
				CLANG_WARN_EMPTY_BODY = YES;
				CLANG_WARN_ENUM_CONVERSION = YES;
				CLANG_WARN_INT_CONVERSION = YES;
				CLANG_WARN_OBJC_ROOT_CLASS = YES_ERROR;
				CLANG_WARN_UNREACHABLE_CODE = YES;
				CLANG_WARN__DUPLICATE_METHOD_MATCH = YES;
				"CODE_SIGN_IDENTITY[sdk=iphoneos*]" = "iPhone Developer";
				COPY_PHASE_STRIP = NO;
				DEBUG_INFORMATION_FORMAT = dwarf;
				ENABLE_STRICT_OBJC_MSGSEND = YES;
				ENABLE_TESTABILITY = YES;
				GCC_C_LANGUAGE_STANDARD = gnu99;
				GCC_DYNAMIC_NO_PIC = NO;
				GCC_NO_COMMON_BLOCKS = YES;
				GCC_OPTIMIZATION_LEVEL = 0;
				GCC_PREPROCESSOR_DEFINITIONS = (
					"DEBUG=1",
					"$(inherited)",
				);
				GCC_WARN_64_TO_32_BIT_CONVERSION = YES;
				GCC_WARN_ABOUT_RETURN_TYPE = YES_ERROR;
				GCC_WARN_UNDECLARED_SELECTOR = YES;
				GCC_WARN_UNINITIALIZED_AUTOS = YES_AGGRESSIVE;
				GCC_WARN_UNUSED_FUNCTION = YES;
				GCC_WARN_UNUSED_VARIABLE = YES;
				IPHONEOS_DEPLOYMENT_TARGET = 9.3;
				MTL_ENABLE_DEBUG_INFO = YES;
				ONLY_ACTIVE_ARCH = YES;
				SDKROOT = iphoneos;
				SWIFT_OPTIMIZATION_LEVEL = "-Onone";
			};
			name = Debug;
		};
		68CD9B521D822DDC00282336 /* Release */ = {
			isa = XCBuildConfiguration;
			buildSettings = {
				ALWAYS_SEARCH_USER_PATHS = NO;
				CLANG_ANALYZER_NONNULL = YES;
				CLANG_CXX_LANGUAGE_STANDARD = "gnu++0x";
				CLANG_CXX_LIBRARY = "libc++";
				CLANG_ENABLE_MODULES = YES;
				CLANG_ENABLE_OBJC_ARC = YES;
				CLANG_WARN_BOOL_CONVERSION = YES;
				CLANG_WARN_CONSTANT_CONVERSION = YES;
				CLANG_WARN_DIRECT_OBJC_ISA_USAGE = YES_ERROR;
				CLANG_WARN_EMPTY_BODY = YES;
				CLANG_WARN_ENUM_CONVERSION = YES;
				CLANG_WARN_INT_CONVERSION = YES;
				CLANG_WARN_OBJC_ROOT_CLASS = YES_ERROR;
				CLANG_WARN_UNREACHABLE_CODE = YES;
				CLANG_WARN__DUPLICATE_METHOD_MATCH = YES;
				"CODE_SIGN_IDENTITY[sdk=iphoneos*]" = "iPhone Developer";
				COPY_PHASE_STRIP = NO;
				DEBUG_INFORMATION_FORMAT = "dwarf-with-dsym";
				ENABLE_NS_ASSERTIONS = NO;
				ENABLE_STRICT_OBJC_MSGSEND = YES;
				GCC_C_LANGUAGE_STANDARD = gnu99;
				GCC_NO_COMMON_BLOCKS = YES;
				GCC_WARN_64_TO_32_BIT_CONVERSION = YES;
				GCC_WARN_ABOUT_RETURN_TYPE = YES_ERROR;
				GCC_WARN_UNDECLARED_SELECTOR = YES;
				GCC_WARN_UNINITIALIZED_AUTOS = YES_AGGRESSIVE;
				GCC_WARN_UNUSED_FUNCTION = YES;
				GCC_WARN_UNUSED_VARIABLE = YES;
				IPHONEOS_DEPLOYMENT_TARGET = 9.3;
				MTL_ENABLE_DEBUG_INFO = NO;
				SDKROOT = iphoneos;
				VALIDATE_PRODUCT = YES;
			};
			name = Release;
		};
		68CD9B541D822DDC00282336 /* Debug */ = {
			isa = XCBuildConfiguration;
			buildSettings = {
				ASSETCATALOG_COMPILER_APPICON_NAME = AppIcon;
				INFOPLIST_FILE = "ElanMiller-Lab1/Info.plist";
				LD_RUNPATH_SEARCH_PATHS = "$(inherited) @executable_path/Frameworks";
				PRODUCT_BUNDLE_IDENTIFIER = "ElanMiller-Lab1";
				PRODUCT_NAME = "$(TARGET_NAME)";
			};
			name = Debug;
		};
		68CD9B551D822DDC00282336 /* Release */ = {
			isa = XCBuildConfiguration;
			buildSettings = {
				ASSETCATALOG_COMPILER_APPICON_NAME = AppIcon;
				INFOPLIST_FILE = "ElanMiller-Lab1/Info.plist";
				LD_RUNPATH_SEARCH_PATHS = "$(inherited) @executable_path/Frameworks";
				PRODUCT_BUNDLE_IDENTIFIER = "ElanMiller-Lab1";
				PRODUCT_NAME = "$(TARGET_NAME)";
			};
			name = Release;
		};
/* End XCBuildConfiguration section */

/* Begin XCConfigurationList section */
		68CD9B3C1D822DDC00282336 /* Build configuration list for PBXProject "ElanMiller-Lab1" */ = {
			isa = XCConfigurationList;
			buildConfigurations = (
				68CD9B511D822DDC00282336 /* Debug */,
				68CD9B521D822DDC00282336 /* Release */,
			);
			defaultConfigurationIsVisible = 0;
			defaultConfigurationName = Release;
		};
		68CD9B531D822DDC00282336 /* Build configuration list for PBXNativeTarget "ElanMiller-Lab1" */ = {
			isa = XCConfigurationList;
			buildConfigurations = (
				68CD9B541D822DDC00282336 /* Debug */,
				68CD9B551D822DDC00282336 /* Release */,
			);
			defaultConfigurationIsVisible = 0;
		};
/* End XCConfigurationList section */
	};
	rootObject = 68CD9B391D822DDC00282336 /* Project object */;
}
